
Microsoft Visual Studio Solution File, Format Version 12.00
Project("{FAE04EC0-301F-11D3-BF4B-00C04F79EFBC}") = "Hrim.Event.Analytics.Api", "Hrim.Event.Analytics.Api\Hrim.Event.Analytics.Api.csproj", "{2D7D2C49-E095-4C83-BF46-E732E2D78AE1}"
EndProject
Project("{FAE04EC0-301F-11D3-BF4B-00C04F79EFBC}") = "Hrim.Event.Analytics.Abstractions", "Hrim.Event.Analytics.Abstractions\Hrim.Event.Analytics.Abstractions.csproj", "{F114A1F9-CAD7-45CA-AB7B-E53B7E02E7BF}"
EndProject
Project("{FAE04EC0-301F-11D3-BF4B-00C04F79EFBC}") = "Hrim.Event.Analytics.EfCore", "Hrim.Event.Analytics.EfCore\Hrim.Event.Analytics.EfCore.csproj", "{97CAD37D-1AA4-44FF-96B0-B263F5937BCC}"
EndProject
Project("{FAE04EC0-301F-11D3-BF4B-00C04F79EFBC}") = "Hrim.Event.Analytics.Infrastructure", "Hrim.Event.Analytics.Infrastructure\Hrim.Event.Analytics.Infrastructure.csproj", "{CD770253-AD49-41F6-AC06-37E6B526424B}"
EndProject
Global
	GlobalSection(SolutionConfigurationPlatforms) = preSolution
		Debug|Any CPU = Debug|Any CPU
		Release|Any CPU = Release|Any CPU
	EndGlobalSection
	GlobalSection(ProjectConfigurationPlatforms) = postSolution
		{2D7D2C49-E095-4C83-BF46-E732E2D78AE1}.Debug|Any CPU.ActiveCfg = Debug|Any CPU
		{2D7D2C49-E095-4C83-BF46-E732E2D78AE1}.Debug|Any CPU.Build.0 = Debug|Any CPU
		{2D7D2C49-E095-4C83-BF46-E732E2D78AE1}.Release|Any CPU.ActiveCfg = Release|Any CPU
		{2D7D2C49-E095-4C83-BF46-E732E2D78AE1}.Release|Any CPU.Build.0 = Release|Any CPU
		{F114A1F9-CAD7-45CA-AB7B-E53B7E02E7BF}.Debug|Any CPU.ActiveCfg = Debug|Any CPU
		{F114A1F9-CAD7-45CA-AB7B-E53B7E02E7BF}.Debug|Any CPU.Build.0 = Debug|Any CPU
		{F114A1F9-CAD7-45CA-AB7B-E53B7E02E7BF}.Release|Any CPU.ActiveCfg = Release|Any CPU
		{F114A1F9-CAD7-45CA-AB7B-E53B7E02E7BF}.Release|Any CPU.Build.0 = Release|Any CPU
		{97CAD37D-1AA4-44FF-96B0-B263F5937BCC}.Debug|Any CPU.ActiveCfg = Debug|Any CPU
		{97CAD37D-1AA4-44FF-96B0-B263F5937BCC}.Debug|Any CPU.Build.0 = Debug|Any CPU
		{97CAD37D-1AA4-44FF-96B0-B263F5937BCC}.Release|Any CPU.ActiveCfg = Release|Any CPU
		{97CAD37D-1AA4-44FF-96B0-B263F5937BCC}.Release|Any CPU.Build.0 = Release|Any CPU
		{CD770253-AD49-41F6-AC06-37E6B526424B}.Debug|Any CPU.ActiveCfg = Debug|Any CPU
		{CD770253-AD49-41F6-AC06-37E6B526424B}.Debug|Any CPU.Build.0 = Debug|Any CPU
		{CD770253-AD49-41F6-AC06-37E6B526424B}.Release|Any CPU.ActiveCfg = Release|Any CPU
		{CD770253-AD49-41F6-AC06-37E6B526424B}.Release|Any CPU.Build.0 = Release|Any CPU
	EndGlobalSection
EndGlobal
