
Microsoft Visual Studio Solution File, Format Version 12.00
Project("{FAE04EC0-301F-11D3-BF4B-00C04F79EFBC}") = "Hrim.Event.Analytics.Api", "Hrim.Event.Analytics.Api\Hrim.Event.Analytics.Api.csproj", "{2D7D2C49-E095-4C83-BF46-E732E2D78AE1}"
EndProject
Project("{FAE04EC0-301F-11D3-BF4B-00C04F79EFBC}") = "Hrim.Event.Analytics.Abstractions", "Hrim.Event.Analytics.Abstractions\Hrim.Event.Analytics.Abstractions.csproj", "{F114A1F9-CAD7-45CA-AB7B-E53B7E02E7BF}"
EndProject
Project("{FAE04EC0-301F-11D3-BF4B-00C04F79EFBC}") = "Hrim.Event.Analytics.EfCore", "Hrim.Event.Analytics.EfCore\Hrim.Event.Analytics.EfCore.csproj", "{97CAD37D-1AA4-44FF-96B0-B263F5937BCC}"
EndProject
Project("{FAE04EC0-301F-11D3-BF4B-00C04F79EFBC}") = "Hrim.Event.Analytics.Infrastructure", "Hrim.Event.Analytics.Infrastructure\Hrim.Event.Analytics.Infrastructure.csproj", "{CD770253-AD49-41F6-AC06-37E6B526424B}"
EndProject
Project("{FAE04EC0-301F-11D3-BF4B-00C04F79EFBC}") = "Hrim.Event.Analytics.Api.Tests", "Tests\Hrim.Event.Analytics.Api.Tests\Hrim.Event.Analytics.Api.Tests.csproj", "{AC9D2EC6-D494-4970-8CFF-7481B60B839C}"
EndProject
Project("{2150E333-8FDC-42A3-9474-1A3956D46DE8}") = "Tests", "Tests", "{7D399349-AC68-4981-9EEA-DEBD9DCEF9A3}"
EndProject
Project("{FAE04EC0-301F-11D3-BF4B-00C04F79EFBC}") = "Hrim.Event.Analytics.Analysis", "Hrim.Event.Analytics.Analysis\Hrim.Event.Analytics.Analysis.csproj", "{7C49ABA1-D7C5-4F9E-ABAE-BCEEF8F08687}"
EndProject
Global
	GlobalSection(SolutionConfigurationPlatforms) = preSolution
		Debug|Any CPU = Debug|Any CPU
		Release|Any CPU = Release|Any CPU
	EndGlobalSection
	GlobalSection(ProjectConfigurationPlatforms) = postSolution
		{2D7D2C49-E095-4C83-BF46-E732E2D78AE1}.Debug|Any CPU.ActiveCfg = Debug|Any CPU
		{2D7D2C49-E095-4C83-BF46-E732E2D78AE1}.Debug|Any CPU.Build.0 = Debug|Any CPU
		{2D7D2C49-E095-4C83-BF46-E732E2D78AE1}.Release|Any CPU.ActiveCfg = Release|Any CPU
		{2D7D2C49-E095-4C83-BF46-E732E2D78AE1}.Release|Any CPU.Build.0 = Release|Any CPU
		{F114A1F9-CAD7-45CA-AB7B-E53B7E02E7BF}.Debug|Any CPU.ActiveCfg = Debug|Any CPU
		{F114A1F9-CAD7-45CA-AB7B-E53B7E02E7BF}.Debug|Any CPU.Build.0 = Debug|Any CPU
		{F114A1F9-CAD7-45CA-AB7B-E53B7E02E7BF}.Release|Any CPU.ActiveCfg = Release|Any CPU
		{F114A1F9-CAD7-45CA-AB7B-E53B7E02E7BF}.Release|Any CPU.Build.0 = Release|Any CPU
		{97CAD37D-1AA4-44FF-96B0-B263F5937BCC}.Debug|Any CPU.ActiveCfg = Debug|Any CPU
		{97CAD37D-1AA4-44FF-96B0-B263F5937BCC}.Debug|Any CPU.Build.0 = Debug|Any CPU
		{97CAD37D-1AA4-44FF-96B0-B263F5937BCC}.Release|Any CPU.ActiveCfg = Release|Any CPU
		{97CAD37D-1AA4-44FF-96B0-B263F5937BCC}.Release|Any CPU.Build.0 = Release|Any CPU
		{CD770253-AD49-41F6-AC06-37E6B526424B}.Debug|Any CPU.ActiveCfg = Debug|Any CPU
		{CD770253-AD49-41F6-AC06-37E6B526424B}.Debug|Any CPU.Build.0 = Debug|Any CPU
		{CD770253-AD49-41F6-AC06-37E6B526424B}.Release|Any CPU.ActiveCfg = Release|Any CPU
		{CD770253-AD49-41F6-AC06-37E6B526424B}.Release|Any CPU.Build.0 = Release|Any CPU
		{AC9D2EC6-D494-4970-8CFF-7481B60B839C}.Debug|Any CPU.ActiveCfg = Debug|Any CPU
		{AC9D2EC6-D494-4970-8CFF-7481B60B839C}.Debug|Any CPU.Build.0 = Debug|Any CPU
		{AC9D2EC6-D494-4970-8CFF-7481B60B839C}.Release|Any CPU.ActiveCfg = Release|Any CPU
		{AC9D2EC6-D494-4970-8CFF-7481B60B839C}.Release|Any CPU.Build.0 = Release|Any CPU
		{7C49ABA1-D7C5-4F9E-ABAE-BCEEF8F08687}.Debug|Any CPU.ActiveCfg = Debug|Any CPU
		{7C49ABA1-D7C5-4F9E-ABAE-BCEEF8F08687}.Debug|Any CPU.Build.0 = Debug|Any CPU
		{7C49ABA1-D7C5-4F9E-ABAE-BCEEF8F08687}.Release|Any CPU.ActiveCfg = Release|Any CPU
		{7C49ABA1-D7C5-4F9E-ABAE-BCEEF8F08687}.Release|Any CPU.Build.0 = Release|Any CPU
	EndGlobalSection
	GlobalSection(NestedProjects) = preSolution
		{AC9D2EC6-D494-4970-8CFF-7481B60B839C} = {7D399349-AC68-4981-9EEA-DEBD9DCEF9A3}
	EndGlobalSection
EndGlobal
